// !$*UTF8*$!
{
	archiveVersion = 1;
	classes = {
	};
	objectVersion = 46;
	objects = {

/* Begin PBXBuildFile section */
		94293BFE199AE6F30094E552 /* SecondViewController.m in Sources */ = {isa = PBXBuildFile; fileRef = 94293BFD199AE6F30094E552 /* SecondViewController.m */; };
		94300CFA19A678A600122E08 /* BebasNeue.otf in Resources */ = {isa = PBXBuildFile; fileRef = 94300CF919A6784800122E08 /* BebasNeue.otf */; };
		94300CFC19A67B9D00122E08 /* TwitterIcon.png in Resources */ = {isa = PBXBuildFile; fileRef = 94300CFB19A67B9D00122E08 /* TwitterIcon.png */; };
		94300CFE19A685F200122E08 /* Twitter Icon - white.png in Resources */ = {isa = PBXBuildFile; fileRef = 94300CFD19A685F200122E08 /* Twitter Icon - white.png */; };
		9467ACD919A33C6B0030300B /* Social.framework in Frameworks */ = {isa = PBXBuildFile; fileRef = 9467ACD819A33C6B0030300B /* Social.framework */; };
		948FD14119A3E9B000EA364A /* myCustomCell.m in Sources */ = {isa = PBXBuildFile; fileRef = 948FD14019A3E9B000EA364A /* myCustomCell.m */; };
		94A5637919A5714200417C11 /* NSDateFormatter+STTwitter.m in Sources */ = {isa = PBXBuildFile; fileRef = 94A5635D19A5714200417C11 /* NSDateFormatter+STTwitter.m */; };
		94A5637A19A5714200417C11 /* NSError+STTwitter.m in Sources */ = {isa = PBXBuildFile; fileRef = 94A5635F19A5714200417C11 /* NSError+STTwitter.m */; };
		94A5637B19A5714200417C11 /* NSString+STTwitter.m in Sources */ = {isa = PBXBuildFile; fileRef = 94A5636119A5714200417C11 /* NSString+STTwitter.m */; };
		94A5637C19A5714200417C11 /* STHTTPRequest+STTwitter.m in Sources */ = {isa = PBXBuildFile; fileRef = 94A5636319A5714200417C11 /* STHTTPRequest+STTwitter.m */; };
		94A5637D19A5714200417C11 /* STTwitterAPI.m in Sources */ = {isa = PBXBuildFile; fileRef = 94A5636619A5714200417C11 /* STTwitterAPI.m */; };
		94A5637E19A5714200417C11 /* STTwitterAppOnly.m in Sources */ = {isa = PBXBuildFile; fileRef = 94A5636819A5714200417C11 /* STTwitterAppOnly.m */; };
		94A5637F19A5714200417C11 /* STTwitterHTML.m in Sources */ = {isa = PBXBuildFile; fileRef = 94A5636A19A5714200417C11 /* STTwitterHTML.m */; };
		94A5638019A5714200417C11 /* STTwitterOAuth.m in Sources */ = {isa = PBXBuildFile; fileRef = 94A5636C19A5714200417C11 /* STTwitterOAuth.m */; };
		94A5638119A5714200417C11 /* STTwitterOS.m in Sources */ = {isa = PBXBuildFile; fileRef = 94A5636E19A5714200417C11 /* STTwitterOS.m */; };
		94A5638219A5714200417C11 /* STTwitterOSRequest.m in Sources */ = {isa = PBXBuildFile; fileRef = 94A5637019A5714200417C11 /* STTwitterOSRequest.m */; };
		94A5638319A5714200417C11 /* BAVPlistNode.m in Sources */ = {isa = PBXBuildFile; fileRef = 94A5637419A5714200417C11 /* BAVPlistNode.m */; };
		94A5638419A5714200417C11 /* JSONSyntaxHighlight.m in Sources */ = {isa = PBXBuildFile; fileRef = 94A5637619A5714200417C11 /* JSONSyntaxHighlight.m */; };
		94A5638519A5714200417C11 /* STHTTPRequest.m in Sources */ = {isa = PBXBuildFile; fileRef = 94A5637819A5714200417C11 /* STHTTPRequest.m */; };
		94A5638719A571F700417C11 /* Twitter.framework in Frameworks */ = {isa = PBXBuildFile; fileRef = 94A5638619A571F700417C11 /* Twitter.framework */; };
		94ACD10419A578D10041DF5D /* TweetsViewController.m in Sources */ = {isa = PBXBuildFile; fileRef = 94ACD10319A578D10041DF5D /* TweetsViewController.m */; };
		94C3A26319A4501000646376 /* Accounts.framework in Frameworks */ = {isa = PBXBuildFile; fileRef = 94C3A26219A4501000646376 /* Accounts.framework */; };
		94C6941C199401F400A5D070 /* Foundation.framework in Frameworks */ = {isa = PBXBuildFile; fileRef = 94C6941B199401F400A5D070 /* Foundation.framework */; };
		94C6941E199401F400A5D070 /* CoreGraphics.framework in Frameworks */ = {isa = PBXBuildFile; fileRef = 94C6941D199401F400A5D070 /* CoreGraphics.framework */; };
		94C69420199401F400A5D070 /* UIKit.framework in Frameworks */ = {isa = PBXBuildFile; fileRef = 94C6941F199401F400A5D070 /* UIKit.framework */; };
		94C69426199401F400A5D070 /* InfoPlist.strings in Resources */ = {isa = PBXBuildFile; fileRef = 94C69424199401F400A5D070 /* InfoPlist.strings */; };
		94C69428199401F400A5D070 /* main.m in Sources */ = {isa = PBXBuildFile; fileRef = 94C69427199401F400A5D070 /* main.m */; };
		94C6942C199401F400A5D070 /* AppDelegate.m in Sources */ = {isa = PBXBuildFile; fileRef = 94C6942B199401F400A5D070 /* AppDelegate.m */; };
		94C6942F199401F400A5D070 /* Main.storyboard in Resources */ = {isa = PBXBuildFile; fileRef = 94C6942D199401F400A5D070 /* Main.storyboard */; };
		94C69432199401F400A5D070 /* ViewController.m in Sources */ = {isa = PBXBuildFile; fileRef = 94C69431199401F400A5D070 /* ViewController.m */; };
		94C69434199401F400A5D070 /* Images.xcassets in Resources */ = {isa = PBXBuildFile; fileRef = 94C69433199401F400A5D070 /* Images.xcassets */; };
		94C6943B199401F400A5D070 /* XCTest.framework in Frameworks */ = {isa = PBXBuildFile; fileRef = 94C6943A199401F400A5D070 /* XCTest.framework */; };
		94C6943C199401F400A5D070 /* Foundation.framework in Frameworks */ = {isa = PBXBuildFile; fileRef = 94C6941B199401F400A5D070 /* Foundation.framework */; };
		94C6943D199401F400A5D070 /* UIKit.framework in Frameworks */ = {isa = PBXBuildFile; fileRef = 94C6941F199401F400A5D070 /* UIKit.framework */; };
		94C69445199401F400A5D070 /* InfoPlist.strings in Resources */ = {isa = PBXBuildFile; fileRef = 94C69443199401F400A5D070 /* InfoPlist.strings */; };
		94C69447199401F400A5D070 /* WWYDTests.m in Sources */ = {isa = PBXBuildFile; fileRef = 94C69446199401F400A5D070 /* WWYDTests.m */; };
		94C694511994223800A5D070 /* AVFoundation.framework in Frameworks */ = {isa = PBXBuildFile; fileRef = 94C694501994223800A5D070 /* AVFoundation.framework */; };
		94C69474199584B000A5D070 /* SoundModel.m in Sources */ = {isa = PBXBuildFile; fileRef = 94C69473199584B000A5D070 /* SoundModel.m */; };
		94C694771995A05400A5D070 /* IntroViewController.m in Sources */ = {isa = PBXBuildFile; fileRef = 94C694761995A05400A5D070 /* IntroViewController.m */; };
		94E7199619A02A510077F599 /* PhotoViewController.m in Sources */ = {isa = PBXBuildFile; fileRef = 94E7199519A02A510077F599 /* PhotoViewController.m */; };
/* End PBXBuildFile section */

/* Begin PBXContainerItemProxy section */
		94C6943E199401F400A5D070 /* PBXContainerItemProxy */ = {
			isa = PBXContainerItemProxy;
			containerPortal = 94C69410199401F400A5D070 /* Project object */;
			proxyType = 1;
			remoteGlobalIDString = 94C69417199401F400A5D070;
			remoteInfo = WWYD;
		};
/* End PBXContainerItemProxy section */

/* Begin PBXFileReference section */
		94293BFC199AE6F30094E552 /* SecondViewController.h */ = {isa = PBXFileReference; fileEncoding = 4; lastKnownFileType = sourcecode.c.h; path = SecondViewController.h; sourceTree = "<group>"; };
		94293BFD199AE6F30094E552 /* SecondViewController.m */ = {isa = PBXFileReference; fileEncoding = 4; lastKnownFileType = sourcecode.c.objc; path = SecondViewController.m; sourceTree = "<group>"; };
		94300CF919A6784800122E08 /* BebasNeue.otf */ = {isa = PBXFileReference; lastKnownFileType = file; path = BebasNeue.otf; sourceTree = "<group>"; };
		94300CFB19A67B9D00122E08 /* TwitterIcon.png */ = {isa = PBXFileReference; lastKnownFileType = image.png; path = TwitterIcon.png; sourceTree = "<group>"; };
		94300CFD19A685F200122E08 /* Twitter Icon - white.png */ = {isa = PBXFileReference; lastKnownFileType = image.png; path = "Twitter Icon - white.png"; sourceTree = "<group>"; };
		9467ACD819A33C6B0030300B /* Social.framework */ = {isa = PBXFileReference; lastKnownFileType = wrapper.framework; name = Social.framework; path = System/Library/Frameworks/Social.framework; sourceTree = SDKROOT; };
		948FD13F19A3E9B000EA364A /* myCustomCell.h */ = {isa = PBXFileReference; fileEncoding = 4; lastKnownFileType = sourcecode.c.h; path = myCustomCell.h; sourceTree = "<group>"; };
		948FD14019A3E9B000EA364A /* myCustomCell.m */ = {isa = PBXFileReference; fileEncoding = 4; lastKnownFileType = sourcecode.c.objc; path = myCustomCell.m; sourceTree = "<group>"; };
		94A5635C19A5714200417C11 /* NSDateFormatter+STTwitter.h */ = {isa = PBXFileReference; fileEncoding = 4; lastKnownFileType = sourcecode.c.h; path = "NSDateFormatter+STTwitter.h"; sourceTree = "<group>"; };
		94A5635D19A5714200417C11 /* NSDateFormatter+STTwitter.m */ = {isa = PBXFileReference; fileEncoding = 4; lastKnownFileType = sourcecode.c.objc; path = "NSDateFormatter+STTwitter.m"; sourceTree = "<group>"; };
		94A5635E19A5714200417C11 /* NSError+STTwitter.h */ = {isa = PBXFileReference; fileEncoding = 4; lastKnownFileType = sourcecode.c.h; path = "NSError+STTwitter.h"; sourceTree = "<group>"; };
		94A5635F19A5714200417C11 /* NSError+STTwitter.m */ = {isa = PBXFileReference; fileEncoding = 4; lastKnownFileType = sourcecode.c.objc; path = "NSError+STTwitter.m"; sourceTree = "<group>"; };
		94A5636019A5714200417C11 /* NSString+STTwitter.h */ = {isa = PBXFileReference; fileEncoding = 4; lastKnownFileType = sourcecode.c.h; path = "NSString+STTwitter.h"; sourceTree = "<group>"; };
		94A5636119A5714200417C11 /* NSString+STTwitter.m */ = {isa = PBXFileReference; fileEncoding = 4; lastKnownFileType = sourcecode.c.objc; path = "NSString+STTwitter.m"; sourceTree = "<group>"; };
		94A5636219A5714200417C11 /* STHTTPRequest+STTwitter.h */ = {isa = PBXFileReference; fileEncoding = 4; lastKnownFileType = sourcecode.c.h; path = "STHTTPRequest+STTwitter.h"; sourceTree = "<group>"; };
		94A5636319A5714200417C11 /* STHTTPRequest+STTwitter.m */ = {isa = PBXFileReference; fileEncoding = 4; lastKnownFileType = sourcecode.c.objc; path = "STHTTPRequest+STTwitter.m"; sourceTree = "<group>"; };
		94A5636419A5714200417C11 /* STTwitter.h */ = {isa = PBXFileReference; fileEncoding = 4; lastKnownFileType = sourcecode.c.h; path = STTwitter.h; sourceTree = "<group>"; };
		94A5636519A5714200417C11 /* STTwitterAPI.h */ = {isa = PBXFileReference; fileEncoding = 4; lastKnownFileType = sourcecode.c.h; path = STTwitterAPI.h; sourceTree = "<group>"; };
		94A5636619A5714200417C11 /* STTwitterAPI.m */ = {isa = PBXFileReference; fileEncoding = 4; lastKnownFileType = sourcecode.c.objc; path = STTwitterAPI.m; sourceTree = "<group>"; };
		94A5636719A5714200417C11 /* STTwitterAppOnly.h */ = {isa = PBXFileReference; fileEncoding = 4; lastKnownFileType = sourcecode.c.h; path = STTwitterAppOnly.h; sourceTree = "<group>"; };
		94A5636819A5714200417C11 /* STTwitterAppOnly.m */ = {isa = PBXFileReference; fileEncoding = 4; lastKnownFileType = sourcecode.c.objc; path = STTwitterAppOnly.m; sourceTree = "<group>"; };
		94A5636919A5714200417C11 /* STTwitterHTML.h */ = {isa = PBXFileReference; fileEncoding = 4; lastKnownFileType = sourcecode.c.h; path = STTwitterHTML.h; sourceTree = "<group>"; };
		94A5636A19A5714200417C11 /* STTwitterHTML.m */ = {isa = PBXFileReference; fileEncoding = 4; lastKnownFileType = sourcecode.c.objc; path = STTwitterHTML.m; sourceTree = "<group>"; };
		94A5636B19A5714200417C11 /* STTwitterOAuth.h */ = {isa = PBXFileReference; fileEncoding = 4; lastKnownFileType = sourcecode.c.h; path = STTwitterOAuth.h; sourceTree = "<group>"; };
		94A5636C19A5714200417C11 /* STTwitterOAuth.m */ = {isa = PBXFileReference; fileEncoding = 4; lastKnownFileType = sourcecode.c.objc; path = STTwitterOAuth.m; sourceTree = "<group>"; };
		94A5636D19A5714200417C11 /* STTwitterOS.h */ = {isa = PBXFileReference; fileEncoding = 4; lastKnownFileType = sourcecode.c.h; path = STTwitterOS.h; sourceTree = "<group>"; };
		94A5636E19A5714200417C11 /* STTwitterOS.m */ = {isa = PBXFileReference; fileEncoding = 4; lastKnownFileType = sourcecode.c.objc; path = STTwitterOS.m; sourceTree = "<group>"; };
		94A5636F19A5714200417C11 /* STTwitterOSRequest.h */ = {isa = PBXFileReference; fileEncoding = 4; lastKnownFileType = sourcecode.c.h; path = STTwitterOSRequest.h; sourceTree = "<group>"; };
		94A5637019A5714200417C11 /* STTwitterOSRequest.m */ = {isa = PBXFileReference; fileEncoding = 4; lastKnownFileType = sourcecode.c.objc; path = STTwitterOSRequest.m; sourceTree = "<group>"; };
		94A5637119A5714200417C11 /* STTwitterProtocol.h */ = {isa = PBXFileReference; fileEncoding = 4; lastKnownFileType = sourcecode.c.h; path = STTwitterProtocol.h; sourceTree = "<group>"; };
		94A5637319A5714200417C11 /* BAVPlistNode.h */ = {isa = PBXFileReference; fileEncoding = 4; lastKnownFileType = sourcecode.c.h; path = BAVPlistNode.h; sourceTree = "<group>"; };
		94A5637419A5714200417C11 /* BAVPlistNode.m */ = {isa = PBXFileReference; fileEncoding = 4; lastKnownFileType = sourcecode.c.objc; path = BAVPlistNode.m; sourceTree = "<group>"; };
		94A5637519A5714200417C11 /* JSONSyntaxHighlight.h */ = {isa = PBXFileReference; fileEncoding = 4; lastKnownFileType = sourcecode.c.h; path = JSONSyntaxHighlight.h; sourceTree = "<group>"; };
		94A5637619A5714200417C11 /* JSONSyntaxHighlight.m */ = {isa = PBXFileReference; fileEncoding = 4; lastKnownFileType = sourcecode.c.objc; path = JSONSyntaxHighlight.m; sourceTree = "<group>"; };
		94A5637719A5714200417C11 /* STHTTPRequest.h */ = {isa = PBXFileReference; fileEncoding = 4; lastKnownFileType = sourcecode.c.h; path = STHTTPRequest.h; sourceTree = "<group>"; };
		94A5637819A5714200417C11 /* STHTTPRequest.m */ = {isa = PBXFileReference; fileEncoding = 4; lastKnownFileType = sourcecode.c.objc; path = STHTTPRequest.m; sourceTree = "<group>"; };
		94A5638619A571F700417C11 /* Twitter.framework */ = {isa = PBXFileReference; lastKnownFileType = wrapper.framework; name = Twitter.framework; path = System/Library/Frameworks/Twitter.framework; sourceTree = SDKROOT; };
		94ACD10219A578D10041DF5D /* TweetsViewController.h */ = {isa = PBXFileReference; fileEncoding = 4; lastKnownFileType = sourcecode.c.h; path = TweetsViewController.h; sourceTree = "<group>"; };
		94ACD10319A578D10041DF5D /* TweetsViewController.m */ = {isa = PBXFileReference; fileEncoding = 4; lastKnownFileType = sourcecode.c.objc; path = TweetsViewController.m; sourceTree = "<group>"; };
		94C3A26219A4501000646376 /* Accounts.framework */ = {isa = PBXFileReference; lastKnownFileType = wrapper.framework; name = Accounts.framework; path = System/Library/Frameworks/Accounts.framework; sourceTree = SDKROOT; };
		94C69418199401F400A5D070 /* WWYD.app */ = {isa = PBXFileReference; explicitFileType = wrapper.application; includeInIndex = 0; path = WWYD.app; sourceTree = BUILT_PRODUCTS_DIR; };
		94C6941B199401F400A5D070 /* Foundation.framework */ = {isa = PBXFileReference; lastKnownFileType = wrapper.framework; name = Foundation.framework; path = System/Library/Frameworks/Foundation.framework; sourceTree = SDKROOT; };
		94C6941D199401F400A5D070 /* CoreGraphics.framework */ = {isa = PBXFileReference; lastKnownFileType = wrapper.framework; name = CoreGraphics.framework; path = System/Library/Frameworks/CoreGraphics.framework; sourceTree = SDKROOT; };
		94C6941F199401F400A5D070 /* UIKit.framework */ = {isa = PBXFileReference; lastKnownFileType = wrapper.framework; name = UIKit.framework; path = System/Library/Frameworks/UIKit.framework; sourceTree = SDKROOT; };
		94C69423199401F400A5D070 /* WWYD-Info.plist */ = {isa = PBXFileReference; lastKnownFileType = text.plist.xml; path = "WWYD-Info.plist"; sourceTree = "<group>"; };
		94C69425199401F400A5D070 /* en */ = {isa = PBXFileReference; lastKnownFileType = text.plist.strings; name = en; path = en.lproj/InfoPlist.strings; sourceTree = "<group>"; };
		94C69427199401F400A5D070 /* main.m */ = {isa = PBXFileReference; lastKnownFileType = sourcecode.c.objc; path = main.m; sourceTree = "<group>"; };
		94C69429199401F400A5D070 /* WWYD-Prefix.pch */ = {isa = PBXFileReference; lastKnownFileType = sourcecode.c.h; path = "WWYD-Prefix.pch"; sourceTree = "<group>"; };
		94C6942A199401F400A5D070 /* AppDelegate.h */ = {isa = PBXFileReference; lastKnownFileType = sourcecode.c.h; path = AppDelegate.h; sourceTree = "<group>"; };
		94C6942B199401F400A5D070 /* AppDelegate.m */ = {isa = PBXFileReference; lastKnownFileType = sourcecode.c.objc; path = AppDelegate.m; sourceTree = "<group>"; };
		94C6942E199401F400A5D070 /* Base */ = {isa = PBXFileReference; lastKnownFileType = file.storyboard; name = Base; path = Base.lproj/Main.storyboard; sourceTree = "<group>"; };
		94C69430199401F400A5D070 /* ViewController.h */ = {isa = PBXFileReference; lastKnownFileType = sourcecode.c.h; path = ViewController.h; sourceTree = "<group>"; };
		94C69431199401F400A5D070 /* ViewController.m */ = {isa = PBXFileReference; lastKnownFileType = sourcecode.c.objc; path = ViewController.m; sourceTree = "<group>"; };
		94C69433199401F400A5D070 /* Images.xcassets */ = {isa = PBXFileReference; lastKnownFileType = folder.assetcatalog; path = Images.xcassets; sourceTree = "<group>"; };
		94C69439199401F400A5D070 /* WWYDTests.xctest */ = {isa = PBXFileReference; explicitFileType = wrapper.cfbundle; includeInIndex = 0; path = WWYDTests.xctest; sourceTree = BUILT_PRODUCTS_DIR; };
		94C6943A199401F400A5D070 /* XCTest.framework */ = {isa = PBXFileReference; lastKnownFileType = wrapper.framework; name = XCTest.framework; path = Library/Frameworks/XCTest.framework; sourceTree = DEVELOPER_DIR; };
		94C69442199401F400A5D070 /* WWYDTests-Info.plist */ = {isa = PBXFileReference; lastKnownFileType = text.plist.xml; path = "WWYDTests-Info.plist"; sourceTree = "<group>"; };
		94C69444199401F400A5D070 /* en */ = {isa = PBXFileReference; lastKnownFileType = text.plist.strings; name = en; path = en.lproj/InfoPlist.strings; sourceTree = "<group>"; };
		94C69446199401F400A5D070 /* WWYDTests.m */ = {isa = PBXFileReference; lastKnownFileType = sourcecode.c.objc; path = WWYDTests.m; sourceTree = "<group>"; };
		94C694501994223800A5D070 /* AVFoundation.framework */ = {isa = PBXFileReference; lastKnownFileType = wrapper.framework; name = AVFoundation.framework; path = System/Library/Frameworks/AVFoundation.framework; sourceTree = SDKROOT; };
		94C69472199584B000A5D070 /* SoundModel.h */ = {isa = PBXFileReference; fileEncoding = 4; lastKnownFileType = sourcecode.c.h; path = SoundModel.h; sourceTree = "<group>"; };
		94C69473199584B000A5D070 /* SoundModel.m */ = {isa = PBXFileReference; fileEncoding = 4; lastKnownFileType = sourcecode.c.objc; path = SoundModel.m; sourceTree = "<group>"; };
		94C694751995A05400A5D070 /* IntroViewController.h */ = {isa = PBXFileReference; fileEncoding = 4; lastKnownFileType = sourcecode.c.h; path = IntroViewController.h; sourceTree = "<group>"; };
		94C694761995A05400A5D070 /* IntroViewController.m */ = {isa = PBXFileReference; fileEncoding = 4; lastKnownFileType = sourcecode.c.objc; path = IntroViewController.m; sourceTree = "<group>"; };
		94E7199419A02A510077F599 /* PhotoViewController.h */ = {isa = PBXFileReference; fileEncoding = 4; lastKnownFileType = sourcecode.c.h; path = PhotoViewController.h; sourceTree = "<group>"; };
		94E7199519A02A510077F599 /* PhotoViewController.m */ = {isa = PBXFileReference; fileEncoding = 4; lastKnownFileType = sourcecode.c.objc; path = PhotoViewController.m; sourceTree = "<group>"; };
/* End PBXFileReference section */

/* Begin PBXFrameworksBuildPhase section */
		94C69415199401F400A5D070 /* Frameworks */ = {
			isa = PBXFrameworksBuildPhase;
			buildActionMask = 2147483647;
			files = (
				94A5638719A571F700417C11 /* Twitter.framework in Frameworks */,
				94C3A26319A4501000646376 /* Accounts.framework in Frameworks */,
				9467ACD919A33C6B0030300B /* Social.framework in Frameworks */,
				94C694511994223800A5D070 /* AVFoundation.framework in Frameworks */,
				94C6941E199401F400A5D070 /* CoreGraphics.framework in Frameworks */,
				94C69420199401F400A5D070 /* UIKit.framework in Frameworks */,
				94C6941C199401F400A5D070 /* Foundation.framework in Frameworks */,
			);
			runOnlyForDeploymentPostprocessing = 0;
		};
		94C69436199401F400A5D070 /* Frameworks */ = {
			isa = PBXFrameworksBuildPhase;
			buildActionMask = 2147483647;
			files = (
				94C6943B199401F400A5D070 /* XCTest.framework in Frameworks */,
				94C6943D199401F400A5D070 /* UIKit.framework in Frameworks */,
				94C6943C199401F400A5D070 /* Foundation.framework in Frameworks */,
			);
			runOnlyForDeploymentPostprocessing = 0;
		};
/* End PBXFrameworksBuildPhase section */

/* Begin PBXGroup section */
		94A5635B19A5714200417C11 /* STTwitter */ = {
			isa = PBXGroup;
			children = (
				94A5635C19A5714200417C11 /* NSDateFormatter+STTwitter.h */,
				94A5635D19A5714200417C11 /* NSDateFormatter+STTwitter.m */,
				94A5635E19A5714200417C11 /* NSError+STTwitter.h */,
				94A5635F19A5714200417C11 /* NSError+STTwitter.m */,
				94A5636019A5714200417C11 /* NSString+STTwitter.h */,
				94A5636119A5714200417C11 /* NSString+STTwitter.m */,
				94A5636219A5714200417C11 /* STHTTPRequest+STTwitter.h */,
				94A5636319A5714200417C11 /* STHTTPRequest+STTwitter.m */,
				94A5636419A5714200417C11 /* STTwitter.h */,
				94A5636519A5714200417C11 /* STTwitterAPI.h */,
				94A5636619A5714200417C11 /* STTwitterAPI.m */,
				94A5636719A5714200417C11 /* STTwitterAppOnly.h */,
				94A5636819A5714200417C11 /* STTwitterAppOnly.m */,
				94A5636919A5714200417C11 /* STTwitterHTML.h */,
				94A5636A19A5714200417C11 /* STTwitterHTML.m */,
				94A5636B19A5714200417C11 /* STTwitterOAuth.h */,
				94A5636C19A5714200417C11 /* STTwitterOAuth.m */,
				94A5636D19A5714200417C11 /* STTwitterOS.h */,
				94A5636E19A5714200417C11 /* STTwitterOS.m */,
				94A5636F19A5714200417C11 /* STTwitterOSRequest.h */,
				94A5637019A5714200417C11 /* STTwitterOSRequest.m */,
				94A5637119A5714200417C11 /* STTwitterProtocol.h */,
				94A5637219A5714200417C11 /* Vendor */,
			);
			path = STTwitter;
			sourceTree = "<group>";
		};
		94A5637219A5714200417C11 /* Vendor */ = {
			isa = PBXGroup;
			children = (
				94A5637319A5714200417C11 /* BAVPlistNode.h */,
				94A5637419A5714200417C11 /* BAVPlistNode.m */,
				94A5637519A5714200417C11 /* JSONSyntaxHighlight.h */,
				94A5637619A5714200417C11 /* JSONSyntaxHighlight.m */,
				94A5637719A5714200417C11 /* STHTTPRequest.h */,
				94A5637819A5714200417C11 /* STHTTPRequest.m */,
			);
			path = Vendor;
			sourceTree = "<group>";
		};
		94C6940F199401F400A5D070 = {
			isa = PBXGroup;
			children = (
				94C69421199401F400A5D070 /* WWYD */,
				94C69440199401F400A5D070 /* WWYDTests */,
				94C6941A199401F400A5D070 /* Frameworks */,
				94C69419199401F400A5D070 /* Products */,
			);
			sourceTree = "<group>";
		};
		94C69419199401F400A5D070 /* Products */ = {
			isa = PBXGroup;
			children = (
				94C69418199401F400A5D070 /* WWYD.app */,
				94C69439199401F400A5D070 /* WWYDTests.xctest */,
			);
			name = Products;
			sourceTree = "<group>";
		};
		94C6941A199401F400A5D070 /* Frameworks */ = {
			isa = PBXGroup;
			children = (
				94A5638619A571F700417C11 /* Twitter.framework */,
				94C3A26219A4501000646376 /* Accounts.framework */,
				9467ACD819A33C6B0030300B /* Social.framework */,
				94C694501994223800A5D070 /* AVFoundation.framework */,
				94C6941B199401F400A5D070 /* Foundation.framework */,
				94C6941D199401F400A5D070 /* CoreGraphics.framework */,
				94C6941F199401F400A5D070 /* UIKit.framework */,
				94C6943A199401F400A5D070 /* XCTest.framework */,
			);
			name = Frameworks;
			sourceTree = "<group>";
		};
		94C69421199401F400A5D070 /* WWYD */ = {
			isa = PBXGroup;
			children = (
				94300CF919A6784800122E08 /* BebasNeue.otf */,
				94A5635B19A5714200417C11 /* STTwitter */,
				94C6942A199401F400A5D070 /* AppDelegate.h */,
				94C6942B199401F400A5D070 /* AppDelegate.m */,
				94C6942D199401F400A5D070 /* Main.storyboard */,
				94C69430199401F400A5D070 /* ViewController.h */,
				94C69431199401F400A5D070 /* ViewController.m */,
				94C69472199584B000A5D070 /* SoundModel.h */,
				94C69473199584B000A5D070 /* SoundModel.m */,
				94C694751995A05400A5D070 /* IntroViewController.h */,
				94C694761995A05400A5D070 /* IntroViewController.m */,
				94293BFC199AE6F30094E552 /* SecondViewController.h */,
				94293BFD199AE6F30094E552 /* SecondViewController.m */,
				94300CFD19A685F200122E08 /* Twitter Icon - white.png */,
				94300CFB19A67B9D00122E08 /* TwitterIcon.png */,
				94C69433199401F400A5D070 /* Images.xcassets */,
				94C69422199401F400A5D070 /* Supporting Files */,
				94E7199419A02A510077F599 /* PhotoViewController.h */,
				94E7199519A02A510077F599 /* PhotoViewController.m */,
				948FD13F19A3E9B000EA364A /* myCustomCell.h */,
				948FD14019A3E9B000EA364A /* myCustomCell.m */,
				94ACD10219A578D10041DF5D /* TweetsViewController.h */,
				94ACD10319A578D10041DF5D /* TweetsViewController.m */,
			);
			path = WWYD;
			sourceTree = "<group>";
		};
		94C69422199401F400A5D070 /* Supporting Files */ = {
			isa = PBXGroup;
			children = (
				94C69423199401F400A5D070 /* WWYD-Info.plist */,
				94C69424199401F400A5D070 /* InfoPlist.strings */,
				94C69427199401F400A5D070 /* main.m */,
				94C69429199401F400A5D070 /* WWYD-Prefix.pch */,
			);
			name = "Supporting Files";
			sourceTree = "<group>";
		};
		94C69440199401F400A5D070 /* WWYDTests */ = {
			isa = PBXGroup;
			children = (
				94C69446199401F400A5D070 /* WWYDTests.m */,
				94C69441199401F400A5D070 /* Supporting Files */,
			);
			path = WWYDTests;
			sourceTree = "<group>";
		};
		94C69441199401F400A5D070 /* Supporting Files */ = {
			isa = PBXGroup;
			children = (
				94C69442199401F400A5D070 /* WWYDTests-Info.plist */,
				94C69443199401F400A5D070 /* InfoPlist.strings */,
			);
			name = "Supporting Files";
			sourceTree = "<group>";
		};
/* End PBXGroup section */

/* Begin PBXNativeTarget section */
		94C69417199401F400A5D070 /* WWYD */ = {
			isa = PBXNativeTarget;
			buildConfigurationList = 94C6944A199401F400A5D070 /* Build configuration list for PBXNativeTarget "WWYD" */;
			buildPhases = (
				94C69414199401F400A5D070 /* Sources */,
				94C69415199401F400A5D070 /* Frameworks */,
				94C69416199401F400A5D070 /* Resources */,
			);
			buildRules = (
			);
			dependencies = (
			);
			name = WWYD;
			productName = WWYD;
			productReference = 94C69418199401F400A5D070 /* WWYD.app */;
			productType = "com.apple.product-type.application";
		};
		94C69438199401F400A5D070 /* WWYDTests */ = {
			isa = PBXNativeTarget;
			buildConfigurationList = 94C6944D199401F400A5D070 /* Build configuration list for PBXNativeTarget "WWYDTests" */;
			buildPhases = (
				94C69435199401F400A5D070 /* Sources */,
				94C69436199401F400A5D070 /* Frameworks */,
				94C69437199401F400A5D070 /* Resources */,
			);
			buildRules = (
			);
			dependencies = (
				94C6943F199401F400A5D070 /* PBXTargetDependency */,
			);
			name = WWYDTests;
			productName = WWYDTests;
			productReference = 94C69439199401F400A5D070 /* WWYDTests.xctest */;
			productType = "com.apple.product-type.bundle.unit-test";
		};
/* End PBXNativeTarget section */

/* Begin PBXProject section */
		94C69410199401F400A5D070 /* Project object */ = {
			isa = PBXProject;
			attributes = {
				LastUpgradeCheck = 0510;
				ORGANIZATIONNAME = simonorlovsky;
				TargetAttributes = {
					94C69417199401F400A5D070 = {
						DevelopmentTeam = 3L46XMUJP4;
					};
					94C69438199401F400A5D070 = {
						TestTargetID = 94C69417199401F400A5D070;
					};
				};
			};
			buildConfigurationList = 94C69413199401F400A5D070 /* Build configuration list for PBXProject "WWYD" */;
			compatibilityVersion = "Xcode 3.2";
			developmentRegion = English;
			hasScannedForEncodings = 0;
			knownRegions = (
				en,
				Base,
			);
			mainGroup = 94C6940F199401F400A5D070;
			productRefGroup = 94C69419199401F400A5D070 /* Products */;
			projectDirPath = "";
			projectRoot = "";
			targets = (
				94C69417199401F400A5D070 /* WWYD */,
				94C69438199401F400A5D070 /* WWYDTests */,
			);
		};
/* End PBXProject section */

/* Begin PBXResourcesBuildPhase section */
		94C69416199401F400A5D070 /* Resources */ = {
			isa = PBXResourcesBuildPhase;
			buildActionMask = 2147483647;
			files = (
				94300CFE19A685F200122E08 /* Twitter Icon - white.png in Resources */,
				94C69434199401F400A5D070 /* Images.xcassets in Resources */,
				94C69426199401F400A5D070 /* InfoPlist.strings in Resources */,
				94300CFA19A678A600122E08 /* BebasNeue.otf in Resources */,
				94300CFC19A67B9D00122E08 /* TwitterIcon.png in Resources */,
				94C6942F199401F400A5D070 /* Main.storyboard in Resources */,
			);
			runOnlyForDeploymentPostprocessing = 0;
		};
		94C69437199401F400A5D070 /* Resources */ = {
			isa = PBXResourcesBuildPhase;
			buildActionMask = 2147483647;
			files = (
				94C69445199401F400A5D070 /* InfoPlist.strings in Resources */,
			);
			runOnlyForDeploymentPostprocessing = 0;
		};
/* End PBXResourcesBuildPhase section */

/* Begin PBXSourcesBuildPhase section */
		94C69414199401F400A5D070 /* Sources */ = {
			isa = PBXSourcesBuildPhase;
			buildActionMask = 2147483647;
			files = (
				94293BFE199AE6F30094E552 /* SecondViewController.m in Sources */,
				94C69432199401F400A5D070 /* ViewController.m in Sources */,
				94A5638119A5714200417C11 /* STTwitterOS.m in Sources */,
				94A5638519A5714200417C11 /* STHTTPRequest.m in Sources */,
				94A5638419A5714200417C11 /* JSONSyntaxHighlight.m in Sources */,
				948FD14119A3E9B000EA364A /* myCustomCell.m in Sources */,
				94C69474199584B000A5D070 /* SoundModel.m in Sources */,
				94A5637C19A5714200417C11 /* STHTTPRequest+STTwitter.m in Sources */,
				94C6942C199401F400A5D070 /* AppDelegate.m in Sources */,
				94A5637B19A5714200417C11 /* NSString+STTwitter.m in Sources */,
				94A5637A19A5714200417C11 /* NSError+STTwitter.m in Sources */,
				94C69428199401F400A5D070 /* main.m in Sources */,
				94A5637E19A5714200417C11 /* STTwitterAppOnly.m in Sources */,
				94A5638219A5714200417C11 /* STTwitterOSRequest.m in Sources */,
				94ACD10419A578D10041DF5D /* TweetsViewController.m in Sources */,
				94A5637F19A5714200417C11 /* STTwitterHTML.m in Sources */,
				94A5638019A5714200417C11 /* STTwitterOAuth.m in Sources */,
				94C694771995A05400A5D070 /* IntroViewController.m in Sources */,
				94A5637919A5714200417C11 /* NSDateFormatter+STTwitter.m in Sources */,
				94E7199619A02A510077F599 /* PhotoViewController.m in Sources */,
				94A5638319A5714200417C11 /* BAVPlistNode.m in Sources */,
				94A5637D19A5714200417C11 /* STTwitterAPI.m in Sources */,
			);
			runOnlyForDeploymentPostprocessing = 0;
		};
		94C69435199401F400A5D070 /* Sources */ = {
			isa = PBXSourcesBuildPhase;
			buildActionMask = 2147483647;
			files = (
				94C69447199401F400A5D070 /* WWYDTests.m in Sources */,
			);
			runOnlyForDeploymentPostprocessing = 0;
		};
/* End PBXSourcesBuildPhase section */

/* Begin PBXTargetDependency section */
		94C6943F199401F400A5D070 /* PBXTargetDependency */ = {
			isa = PBXTargetDependency;
			target = 94C69417199401F400A5D070 /* WWYD */;
			targetProxy = 94C6943E199401F400A5D070 /* PBXContainerItemProxy */;
		};
/* End PBXTargetDependency section */

/* Begin PBXVariantGroup section */
		94C69424199401F400A5D070 /* InfoPlist.strings */ = {
			isa = PBXVariantGroup;
			children = (
				94C69425199401F400A5D070 /* en */,
			);
			name = InfoPlist.strings;
			sourceTree = "<group>";
		};
		94C6942D199401F400A5D070 /* Main.storyboard */ = {
			isa = PBXVariantGroup;
			children = (
				94C6942E199401F400A5D070 /* Base */,
			);
			name = Main.storyboard;
			sourceTree = "<group>";
		};
		94C69443199401F400A5D070 /* InfoPlist.strings */ = {
			isa = PBXVariantGroup;
			children = (
				94C69444199401F400A5D070 /* en */,
			);
			name = InfoPlist.strings;
			sourceTree = "<group>";
		};
/* End PBXVariantGroup section */

/* Begin XCBuildConfiguration section */
		94C69448199401F400A5D070 /* Debug */ = {
			isa = XCBuildConfiguration;
			buildSettings = {
				ALWAYS_SEARCH_USER_PATHS = NO;
				CLANG_CXX_LANGUAGE_STANDARD = "gnu++0x";
				CLANG_CXX_LIBRARY = "libc++";
				CLANG_ENABLE_MODULES = YES;
				CLANG_ENABLE_OBJC_ARC = YES;
				CLANG_WARN_BOOL_CONVERSION = YES;
				CLANG_WARN_CONSTANT_CONVERSION = YES;
				CLANG_WARN_DIRECT_OBJC_ISA_USAGE = YES_ERROR;
				CLANG_WARN_EMPTY_BODY = YES;
				CLANG_WARN_ENUM_CONVERSION = YES;
				CLANG_WARN_INT_CONVERSION = YES;
				CLANG_WARN_OBJC_ROOT_CLASS = YES_ERROR;
				CLANG_WARN__DUPLICATE_METHOD_MATCH = YES;
				"CODE_SIGN_IDENTITY[sdk=iphoneos*]" = "iPhone Developer";
				COPY_PHASE_STRIP = NO;
				GCC_C_LANGUAGE_STANDARD = gnu99;
				GCC_DYNAMIC_NO_PIC = NO;
				GCC_OPTIMIZATION_LEVEL = 0;
				GCC_PREPROCESSOR_DEFINITIONS = (
					"DEBUG=1",
					"$(inherited)",
				);
				GCC_SYMBOLS_PRIVATE_EXTERN = NO;
				GCC_WARN_64_TO_32_BIT_CONVERSION = YES;
				GCC_WARN_ABOUT_RETURN_TYPE = YES_ERROR;
				GCC_WARN_UNDECLARED_SELECTOR = YES;
				GCC_WARN_UNINITIALIZED_AUTOS = YES_AGGRESSIVE;
				GCC_WARN_UNUSED_FUNCTION = YES;
				GCC_WARN_UNUSED_VARIABLE = YES;
				IPHONEOS_DEPLOYMENT_TARGET = 7.1;
				ONLY_ACTIVE_ARCH = YES;
				SDKROOT = iphoneos;
			};
			name = Debug;
		};
		94C69449199401F400A5D070 /* Release */ = {
			isa = XCBuildConfiguration;
			buildSettings = {
				ALWAYS_SEARCH_USER_PATHS = NO;
				CLANG_CXX_LANGUAGE_STANDARD = "gnu++0x";
				CLANG_CXX_LIBRARY = "libc++";
				CLANG_ENABLE_MODULES = YES;
				CLANG_ENABLE_OBJC_ARC = YES;
				CLANG_WARN_BOOL_CONVERSION = YES;
				CLANG_WARN_CONSTANT_CONVERSION = YES;
				CLANG_WARN_DIRECT_OBJC_ISA_USAGE = YES_ERROR;
				CLANG_WARN_EMPTY_BODY = YES;
				CLANG_WARN_ENUM_CONVERSION = YES;
				CLANG_WARN_INT_CONVERSION = YES;
				CLANG_WARN_OBJC_ROOT_CLASS = YES_ERROR;
				CLANG_WARN__DUPLICATE_METHOD_MATCH = YES;
				"CODE_SIGN_IDENTITY[sdk=iphoneos*]" = "iPhone Developer";
				COPY_PHASE_STRIP = YES;
				ENABLE_NS_ASSERTIONS = NO;
				GCC_C_LANGUAGE_STANDARD = gnu99;
				GCC_WARN_64_TO_32_BIT_CONVERSION = YES;
				GCC_WARN_ABOUT_RETURN_TYPE = YES_ERROR;
				GCC_WARN_UNDECLARED_SELECTOR = YES;
				GCC_WARN_UNINITIALIZED_AUTOS = YES_AGGRESSIVE;
				GCC_WARN_UNUSED_FUNCTION = YES;
				GCC_WARN_UNUSED_VARIABLE = YES;
				IPHONEOS_DEPLOYMENT_TARGET = 7.1;
				SDKROOT = iphoneos;
				VALIDATE_PRODUCT = YES;
			};
			name = Release;
		};
		94C6944B199401F400A5D070 /* Debug */ = {
			isa = XCBuildConfiguration;
			buildSettings = {
				ASSETCATALOG_COMPILER_APPICON_NAME = AppIcon;
				ASSETCATALOG_COMPILER_LAUNCHIMAGE_NAME = LaunchImage;
				CODE_SIGN_IDENTITY = "iPhone Developer";
				"CODE_SIGN_IDENTITY[sdk=iphoneos*]" = "iPhone Developer";
				GCC_PRECOMPILE_PREFIX_HEADER = YES;
				GCC_PREFIX_HEADER = "WWYD/WWYD-Prefix.pch";
				INFOPLIST_FILE = "WWYD/WWYD-Info.plist";
				PRODUCT_NAME = "$(TARGET_NAME)";
				PROVISIONING_PROFILE = "";
				WRAPPER_EXTENSION = app;
			};
			name = Debug;
		};
		94C6944C199401F400A5D070 /* Release */ = {
			isa = XCBuildConfiguration;
			buildSettings = {
				ASSETCATALOG_COMPILER_APPICON_NAME = AppIcon;
				ASSETCATALOG_COMPILER_LAUNCHIMAGE_NAME = LaunchImage;
				CODE_SIGN_IDENTITY = "iPhone Developer";
				"CODE_SIGN_IDENTITY[sdk=iphoneos*]" = "iPhone Developer";
				GCC_PRECOMPILE_PREFIX_HEADER = YES;
				GCC_PREFIX_HEADER = "WWYD/WWYD-Prefix.pch";
				INFOPLIST_FILE = "WWYD/WWYD-Info.plist";
				PRODUCT_NAME = "$(TARGET_NAME)";
				PROVISIONING_PROFILE = "";
				WRAPPER_EXTENSION = app;
			};
			name = Release;
		};
		94C6944E199401F400A5D070 /* Debug */ = {
			isa = XCBuildConfiguration;
			buildSettings = {
				BUNDLE_LOADER = "$(BUILT_PRODUCTS_DIR)/WWYD.app/WWYD";
				FRAMEWORK_SEARCH_PATHS = (
					"$(SDKROOT)/Developer/Library/Frameworks",
					"$(inherited)",
					"$(DEVELOPER_FRAMEWORKS_DIR)",
				);
				GCC_PRECOMPILE_PREFIX_HEADER = YES;
				GCC_PREFIX_HEADER = "WWYD/WWYD-Prefix.pch";
				GCC_PREPROCESSOR_DEFINITIONS = (
					"DEBUG=1",
					"$(inherited)",
				);
				INFOPLIST_FILE = "WWYDTests/WWYDTests-Info.plist";
				PRODUCT_NAME = "$(TARGET_NAME)";
				TEST_HOST = "$(BUNDLE_LOADER)";
				WRAPPER_EXTENSION = xctest;
			};
			name = Debug;
		};
		94C6944F199401F400A5D070 /* Release */ = {
			isa = XCBuildConfiguration;
			buildSettings = {
				BUNDLE_LOADER = "$(BUILT_PRODUCTS_DIR)/WWYD.app/WWYD";
				FRAMEWORK_SEARCH_PATHS = (
					"$(SDKROOT)/Developer/Library/Frameworks",
					"$(inherited)",
					"$(DEVELOPER_FRAMEWORKS_DIR)",
				);
				GCC_PRECOMPILE_PREFIX_HEADER = YES;
				GCC_PREFIX_HEADER = "WWYD/WWYD-Prefix.pch";
				INFOPLIST_FILE = "WWYDTests/WWYDTests-Info.plist";
				PRODUCT_NAME = "$(TARGET_NAME)";
				TEST_HOST = "$(BUNDLE_LOADER)";
				WRAPPER_EXTENSION = xctest;
			};
			name = Release;
		};
/* End XCBuildConfiguration section */

/* Begin XCConfigurationList section */
		94C69413199401F400A5D070 /* Build configuration list for PBXProject "WWYD" */ = {
			isa = XCConfigurationList;
			buildConfigurations = (
				94C69448199401F400A5D070 /* Debug */,
				94C69449199401F400A5D070 /* Release */,
			);
			defaultConfigurationIsVisible = 0;
			defaultConfigurationName = Release;
		};
		94C6944A199401F400A5D070 /* Build configuration list for PBXNativeTarget "WWYD" */ = {
			isa = XCConfigurationList;
			buildConfigurations = (
				94C6944B199401F400A5D070 /* Debug */,
				94C6944C199401F400A5D070 /* Release */,
			);
			defaultConfigurationIsVisible = 0;
			defaultConfigurationName = Release;
		};
		94C6944D199401F400A5D070 /* Build configuration list for PBXNativeTarget "WWYDTests" */ = {
			isa = XCConfigurationList;
			buildConfigurations = (
				94C6944E199401F400A5D070 /* Debug */,
				94C6944F199401F400A5D070 /* Release */,
			);
			defaultConfigurationIsVisible = 0;
			defaultConfigurationName = Release;
		};
/* End XCConfigurationList section */
	};
	rootObject = 94C69410199401F400A5D070 /* Project object */;
}
