// !$*UTF8*$!
{
	archiveVersion = 1;
	classes = {
	};
	objectVersion = 46;
	objects = {

/* Begin PBXBuildFile section */
		9485BF8019A143A300A7D3E4 /* AppDelegate.swift in Sources */ = {isa = PBXBuildFile; fileRef = 9485BF7F19A143A300A7D3E4 /* AppDelegate.swift */; };
		9485BF8219A143A300A7D3E4 /* ViewController.swift in Sources */ = {isa = PBXBuildFile; fileRef = 9485BF8119A143A300A7D3E4 /* ViewController.swift */; };
		9485BF8519A143A300A7D3E4 /* Main.storyboard in Resources */ = {isa = PBXBuildFile; fileRef = 9485BF8319A143A300A7D3E4 /* Main.storyboard */; };
		9485BF8719A143A300A7D3E4 /* Images.xcassets in Resources */ = {isa = PBXBuildFile; fileRef = 9485BF8619A143A300A7D3E4 /* Images.xcassets */; };
		9485BF9319A143A300A7D3E4 /* swiftPracticeTests.swift in Sources */ = {isa = PBXBuildFile; fileRef = 9485BF9219A143A300A7D3E4 /* swiftPracticeTests.swift */; };
/* End PBXBuildFile section */

/* Begin PBXContainerItemProxy section */
		9485BF8D19A143A300A7D3E4 /* PBXContainerItemProxy */ = {
			isa = PBXContainerItemProxy;
			containerPortal = 9485BF7219A143A300A7D3E4 /* Project object */;
			proxyType = 1;
			remoteGlobalIDString = 9485BF7919A143A300A7D3E4;
			remoteInfo = swiftPractice;
		};
/* End PBXContainerItemProxy section */

/* Begin PBXFileReference section */
		9485BF7A19A143A300A7D3E4 /* swiftPractice.app */ = {isa = PBXFileReference; explicitFileType = wrapper.application; includeInIndex = 0; path = swiftPractice.app; sourceTree = BUILT_PRODUCTS_DIR; };
		9485BF7E19A143A300A7D3E4 /* Info.plist */ = {isa = PBXFileReference; lastKnownFileType = text.plist.xml; path = Info.plist; sourceTree = "<group>"; };
		9485BF7F19A143A300A7D3E4 /* AppDelegate.swift */ = {isa = PBXFileReference; lastKnownFileType = sourcecode.swift; path = AppDelegate.swift; sourceTree = "<group>"; };
		9485BF8119A143A300A7D3E4 /* ViewController.swift */ = {isa = PBXFileReference; lastKnownFileType = sourcecode.swift; path = ViewController.swift; sourceTree = "<group>"; };
		9485BF8419A143A300A7D3E4 /* Base */ = {isa = PBXFileReference; lastKnownFileType = file.storyboard; name = Base; path = Base.lproj/Main.storyboard; sourceTree = "<group>"; };
		9485BF8619A143A300A7D3E4 /* Images.xcassets */ = {isa = PBXFileReference; lastKnownFileType = folder.assetcatalog; path = Images.xcassets; sourceTree = "<group>"; };
		9485BF8C19A143A300A7D3E4 /* swiftPracticeTests.xctest */ = {isa = PBXFileReference; explicitFileType = wrapper.cfbundle; includeInIndex = 0; path = swiftPracticeTests.xctest; sourceTree = BUILT_PRODUCTS_DIR; };
		9485BF9119A143A300A7D3E4 /* Info.plist */ = {isa = PBXFileReference; lastKnownFileType = text.plist.xml; path = Info.plist; sourceTree = "<group>"; };
		9485BF9219A143A300A7D3E4 /* swiftPracticeTests.swift */ = {isa = PBXFileReference; lastKnownFileType = sourcecode.swift; path = swiftPracticeTests.swift; sourceTree = "<group>"; };
/* End PBXFileReference section */

/* Begin PBXFrameworksBuildPhase section */
		9485BF7719A143A300A7D3E4 /* Frameworks */ = {
			isa = PBXFrameworksBuildPhase;
			buildActionMask = 2147483647;
			files = (
			);
			runOnlyForDeploymentPostprocessing = 0;
		};
		9485BF8919A143A300A7D3E4 /* Frameworks */ = {
			isa = PBXFrameworksBuildPhase;
			buildActionMask = 2147483647;
			files = (
			);
			runOnlyForDeploymentPostprocessing = 0;
		};
/* End PBXFrameworksBuildPhase section */

/* Begin PBXGroup section */
		9485BF7119A143A300A7D3E4 = {
			isa = PBXGroup;
			children = (
				9485BF7C19A143A300A7D3E4 /* swiftPractice */,
				9485BF8F19A143A300A7D3E4 /* swiftPracticeTests */,
				9485BF7B19A143A300A7D3E4 /* Products */,
			);
			sourceTree = "<group>";
		};
		9485BF7B19A143A300A7D3E4 /* Products */ = {
			isa = PBXGroup;
			children = (
				9485BF7A19A143A300A7D3E4 /* swiftPractice.app */,
				9485BF8C19A143A300A7D3E4 /* swiftPracticeTests.xctest */,
			);
			name = Products;
			sourceTree = "<group>";
		};
		9485BF7C19A143A300A7D3E4 /* swiftPractice */ = {
			isa = PBXGroup;
			children = (
				9485BF7F19A143A300A7D3E4 /* AppDelegate.swift */,
				9485BF8119A143A300A7D3E4 /* ViewController.swift */,
				9485BF8319A143A300A7D3E4 /* Main.storyboard */,
				9485BF8619A143A300A7D3E4 /* Images.xcassets */,
				9485BF7D19A143A300A7D3E4 /* Supporting Files */,
			);
			path = swiftPractice;
			sourceTree = "<group>";
		};
		9485BF7D19A143A300A7D3E4 /* Supporting Files */ = {
			isa = PBXGroup;
			children = (
				9485BF7E19A143A300A7D3E4 /* Info.plist */,
			);
			name = "Supporting Files";
			sourceTree = "<group>";
		};
		9485BF8F19A143A300A7D3E4 /* swiftPracticeTests */ = {
			isa = PBXGroup;
			children = (
				9485BF9219A143A300A7D3E4 /* swiftPracticeTests.swift */,
				9485BF9019A143A300A7D3E4 /* Supporting Files */,
			);
			path = swiftPracticeTests;
			sourceTree = "<group>";
		};
		9485BF9019A143A300A7D3E4 /* Supporting Files */ = {
			isa = PBXGroup;
			children = (
				9485BF9119A143A300A7D3E4 /* Info.plist */,
			);
			name = "Supporting Files";
			sourceTree = "<group>";
		};
/* End PBXGroup section */

/* Begin PBXNativeTarget section */
		9485BF7919A143A300A7D3E4 /* swiftPractice */ = {
			isa = PBXNativeTarget;
			buildConfigurationList = 9485BF9619A143A300A7D3E4 /* Build configuration list for PBXNativeTarget "swiftPractice" */;
			buildPhases = (
				9485BF7619A143A300A7D3E4 /* Sources */,
				9485BF7719A143A300A7D3E4 /* Frameworks */,
				9485BF7819A143A300A7D3E4 /* Resources */,
			);
			buildRules = (
			);
			dependencies = (
			);
			name = swiftPractice;
			productName = swiftPractice;
			productReference = 9485BF7A19A143A300A7D3E4 /* swiftPractice.app */;
			productType = "com.apple.product-type.application";
		};
		9485BF8B19A143A300A7D3E4 /* swiftPracticeTests */ = {
			isa = PBXNativeTarget;
			buildConfigurationList = 9485BF9919A143A300A7D3E4 /* Build configuration list for PBXNativeTarget "swiftPracticeTests" */;
			buildPhases = (
				9485BF8819A143A300A7D3E4 /* Sources */,
				9485BF8919A143A300A7D3E4 /* Frameworks */,
				9485BF8A19A143A300A7D3E4 /* Resources */,
			);
			buildRules = (
			);
			dependencies = (
				9485BF8E19A143A300A7D3E4 /* PBXTargetDependency */,
			);
			name = swiftPracticeTests;
			productName = swiftPracticeTests;
			productReference = 9485BF8C19A143A300A7D3E4 /* swiftPracticeTests.xctest */;
			productType = "com.apple.product-type.bundle.unit-test";
		};
/* End PBXNativeTarget section */

/* Begin PBXProject section */
		9485BF7219A143A300A7D3E4 /* Project object */ = {
			isa = PBXProject;
			attributes = {
				LastUpgradeCheck = 0600;
				ORGANIZATIONNAME = simonorlovsky;
				TargetAttributes = {
					9485BF7919A143A300A7D3E4 = {
						CreatedOnToolsVersion = 6.0;
					};
					9485BF8B19A143A300A7D3E4 = {
						CreatedOnToolsVersion = 6.0;
						TestTargetID = 9485BF7919A143A300A7D3E4;
					};
				};
			};
			buildConfigurationList = 9485BF7519A143A300A7D3E4 /* Build configuration list for PBXProject "swiftPractice" */;
			compatibilityVersion = "Xcode 3.2";
			developmentRegion = English;
			hasScannedForEncodings = 0;
			knownRegions = (
				en,
				Base,
			);
			mainGroup = 9485BF7119A143A300A7D3E4;
			productRefGroup = 9485BF7B19A143A300A7D3E4 /* Products */;
			projectDirPath = "";
			projectRoot = "";
			targets = (
				9485BF7919A143A300A7D3E4 /* swiftPractice */,
				9485BF8B19A143A300A7D3E4 /* swiftPracticeTests */,
			);
		};
/* End PBXProject section */

/* Begin PBXResourcesBuildPhase section */
		9485BF7819A143A300A7D3E4 /* Resources */ = {
			isa = PBXResourcesBuildPhase;
			buildActionMask = 2147483647;
			files = (
				9485BF8519A143A300A7D3E4 /* Main.storyboard in Resources */,
				9485BF8719A143A300A7D3E4 /* Images.xcassets in Resources */,
			);
			runOnlyForDeploymentPostprocessing = 0;
		};
		9485BF8A19A143A300A7D3E4 /* Resources */ = {
			isa = PBXResourcesBuildPhase;
			buildActionMask = 2147483647;
			files = (
			);
			runOnlyForDeploymentPostprocessing = 0;
		};
/* End PBXResourcesBuildPhase section */

/* Begin PBXSourcesBuildPhase section */
		9485BF7619A143A300A7D3E4 /* Sources */ = {
			isa = PBXSourcesBuildPhase;
			buildActionMask = 2147483647;
			files = (
				9485BF8219A143A300A7D3E4 /* ViewController.swift in Sources */,
				9485BF8019A143A300A7D3E4 /* AppDelegate.swift in Sources */,
			);
			runOnlyForDeploymentPostprocessing = 0;
		};
		9485BF8819A143A300A7D3E4 /* Sources */ = {
			isa = PBXSourcesBuildPhase;
			buildActionMask = 2147483647;
			files = (
				9485BF9319A143A300A7D3E4 /* swiftPracticeTests.swift in Sources */,
			);
			runOnlyForDeploymentPostprocessing = 0;
		};
/* End PBXSourcesBuildPhase section */

/* Begin PBXTargetDependency section */
		9485BF8E19A143A300A7D3E4 /* PBXTargetDependency */ = {
			isa = PBXTargetDependency;
			target = 9485BF7919A143A300A7D3E4 /* swiftPractice */;
			targetProxy = 9485BF8D19A143A300A7D3E4 /* PBXContainerItemProxy */;
		};
/* End PBXTargetDependency section */

/* Begin PBXVariantGroup section */
		9485BF8319A143A300A7D3E4 /* Main.storyboard */ = {
			isa = PBXVariantGroup;
			children = (
				9485BF8419A143A300A7D3E4 /* Base */,
			);
			name = Main.storyboard;
			sourceTree = "<group>";
		};
/* End PBXVariantGroup section */

/* Begin XCBuildConfiguration section */
		9485BF9419A143A300A7D3E4 /* Debug */ = {
			isa = XCBuildConfiguration;
			buildSettings = {
				ALWAYS_SEARCH_USER_PATHS = NO;
				CLANG_CXX_LANGUAGE_STANDARD = "gnu++0x";
				CLANG_CXX_LIBRARY = "libc++";
				CLANG_ENABLE_MODULES = YES;
				CLANG_ENABLE_OBJC_ARC = YES;
				CLANG_WARN_BOOL_CONVERSION = YES;
				CLANG_WARN_CONSTANT_CONVERSION = YES;
				CLANG_WARN_DIRECT_OBJC_ISA_USAGE = YES_ERROR;
				CLANG_WARN_EMPTY_BODY = YES;
				CLANG_WARN_ENUM_CONVERSION = YES;
				CLANG_WARN_INT_CONVERSION = YES;
				CLANG_WARN_OBJC_ROOT_CLASS = YES_ERROR;
				CLANG_WARN_UNREACHABLE_CODE = YES;
				CLANG_WARN__DUPLICATE_METHOD_MATCH = YES;
				"CODE_SIGN_IDENTITY[sdk=iphoneos*]" = "iPhone Developer";
				COPY_PHASE_STRIP = NO;
				ENABLE_STRICT_OBJC_MSGSEND = YES;
				GCC_C_LANGUAGE_STANDARD = gnu99;
				GCC_DYNAMIC_NO_PIC = NO;
				GCC_OPTIMIZATION_LEVEL = 0;
				GCC_PREPROCESSOR_DEFINITIONS = (
					"DEBUG=1",
					"$(inherited)",
				);
				GCC_SYMBOLS_PRIVATE_EXTERN = NO;
				GCC_WARN_64_TO_32_BIT_CONVERSION = YES;
				GCC_WARN_ABOUT_RETURN_TYPE = YES_ERROR;
				GCC_WARN_UNDECLARED_SELECTOR = YES;
				GCC_WARN_UNINITIALIZED_AUTOS = YES_AGGRESSIVE;
				GCC_WARN_UNUSED_FUNCTION = YES;
				GCC_WARN_UNUSED_VARIABLE = YES;
				IPHONEOS_DEPLOYMENT_TARGET = 8.0;
				MTL_ENABLE_DEBUG_INFO = YES;
				ONLY_ACTIVE_ARCH = YES;
				SDKROOT = iphoneos;
				SWIFT_OPTIMIZATION_LEVEL = "-Onone";
			};
			name = Debug;
		};
		9485BF9519A143A300A7D3E4 /* Release */ = {
			isa = XCBuildConfiguration;
			buildSettings = {
				ALWAYS_SEARCH_USER_PATHS = NO;
				CLANG_CXX_LANGUAGE_STANDARD = "gnu++0x";
				CLANG_CXX_LIBRARY = "libc++";
				CLANG_ENABLE_MODULES = YES;
				CLANG_ENABLE_OBJC_ARC = YES;
				CLANG_WARN_BOOL_CONVERSION = YES;
				CLANG_WARN_CONSTANT_CONVERSION = YES;
				CLANG_WARN_DIRECT_OBJC_ISA_USAGE = YES_ERROR;
				CLANG_WARN_EMPTY_BODY = YES;
				CLANG_WARN_ENUM_CONVERSION = YES;
				CLANG_WARN_INT_CONVERSION = YES;
				CLANG_WARN_OBJC_ROOT_CLASS = YES_ERROR;
				CLANG_WARN_UNREACHABLE_CODE = YES;
				CLANG_WARN__DUPLICATE_METHOD_MATCH = YES;
				"CODE_SIGN_IDENTITY[sdk=iphoneos*]" = "iPhone Developer";
				COPY_PHASE_STRIP = YES;
				ENABLE_NS_ASSERTIONS = NO;
				ENABLE_STRICT_OBJC_MSGSEND = YES;
				GCC_C_LANGUAGE_STANDARD = gnu99;
				GCC_WARN_64_TO_32_BIT_CONVERSION = YES;
				GCC_WARN_ABOUT_RETURN_TYPE = YES_ERROR;
				GCC_WARN_UNDECLARED_SELECTOR = YES;
				GCC_WARN_UNINITIALIZED_AUTOS = YES_AGGRESSIVE;
				GCC_WARN_UNUSED_FUNCTION = YES;
				GCC_WARN_UNUSED_VARIABLE = YES;
				IPHONEOS_DEPLOYMENT_TARGET = 8.0;
				MTL_ENABLE_DEBUG_INFO = NO;
				SDKROOT = iphoneos;
				VALIDATE_PRODUCT = YES;
			};
			name = Release;
		};
		9485BF9719A143A300A7D3E4 /* Debug */ = {
			isa = XCBuildConfiguration;
			buildSettings = {
				ASSETCATALOG_COMPILER_APPICON_NAME = AppIcon;
				ASSETCATALOG_COMPILER_LAUNCHIMAGE_NAME = LaunchImage;
				INFOPLIST_FILE = swiftPractice/Info.plist;
				LD_RUNPATH_SEARCH_PATHS = "$(inherited) @executable_path/Frameworks";
				PRODUCT_NAME = "$(TARGET_NAME)";
			};
			name = Debug;
		};
		9485BF9819A143A300A7D3E4 /* Release */ = {
			isa = XCBuildConfiguration;
			buildSettings = {
				ASSETCATALOG_COMPILER_APPICON_NAME = AppIcon;
				ASSETCATALOG_COMPILER_LAUNCHIMAGE_NAME = LaunchImage;
				INFOPLIST_FILE = swiftPractice/Info.plist;
				LD_RUNPATH_SEARCH_PATHS = "$(inherited) @executable_path/Frameworks";
				PRODUCT_NAME = "$(TARGET_NAME)";
			};
			name = Release;
		};
		9485BF9A19A143A300A7D3E4 /* Debug */ = {
			isa = XCBuildConfiguration;
			buildSettings = {
				BUNDLE_LOADER = "$(TEST_HOST)";
				FRAMEWORK_SEARCH_PATHS = (
					"$(SDKROOT)/Developer/Library/Frameworks",
					"$(inherited)",
				);
				GCC_PREPROCESSOR_DEFINITIONS = (
					"DEBUG=1",
					"$(inherited)",
				);
				INFOPLIST_FILE = swiftPracticeTests/Info.plist;
				LD_RUNPATH_SEARCH_PATHS = "$(inherited) @executable_path/Frameworks @loader_path/Frameworks";
				PRODUCT_NAME = "$(TARGET_NAME)";
				TEST_HOST = "$(BUILT_PRODUCTS_DIR)/swiftPractice.app/swiftPractice";
			};
			name = Debug;
		};
		9485BF9B19A143A300A7D3E4 /* Release */ = {
			isa = XCBuildConfiguration;
			buildSettings = {
				BUNDLE_LOADER = "$(TEST_HOST)";
				FRAMEWORK_SEARCH_PATHS = (
					"$(SDKROOT)/Developer/Library/Frameworks",
					"$(inherited)",
				);
				INFOPLIST_FILE = swiftPracticeTests/Info.plist;
				LD_RUNPATH_SEARCH_PATHS = "$(inherited) @executable_path/Frameworks @loader_path/Frameworks";
				PRODUCT_NAME = "$(TARGET_NAME)";
				TEST_HOST = "$(BUILT_PRODUCTS_DIR)/swiftPractice.app/swiftPractice";
			};
			name = Release;
		};
/* End XCBuildConfiguration section */

/* Begin XCConfigurationList section */
		9485BF7519A143A300A7D3E4 /* Build configuration list for PBXProject "swiftPractice" */ = {
			isa = XCConfigurationList;
			buildConfigurations = (
				9485BF9419A143A300A7D3E4 /* Debug */,
				9485BF9519A143A300A7D3E4 /* Release */,
			);
			defaultConfigurationIsVisible = 0;
			defaultConfigurationName = Release;
		};
		9485BF9619A143A300A7D3E4 /* Build configuration list for PBXNativeTarget "swiftPractice" */ = {
			isa = XCConfigurationList;
			buildConfigurations = (
				9485BF9719A143A300A7D3E4 /* Debug */,
				9485BF9819A143A300A7D3E4 /* Release */,
			);
			defaultConfigurationIsVisible = 0;
		};
		9485BF9919A143A300A7D3E4 /* Build configuration list for PBXNativeTarget "swiftPracticeTests" */ = {
			isa = XCConfigurationList;
			buildConfigurations = (
				9485BF9A19A143A300A7D3E4 /* Debug */,
				9485BF9B19A143A300A7D3E4 /* Release */,
			);
			defaultConfigurationIsVisible = 0;
		};
/* End XCConfigurationList section */
	};
	rootObject = 9485BF7219A143A300A7D3E4 /* Project object */;
}
